
Microsoft Visual Studio Solution File, Format Version 12.00
# Visual Studio Version 17
VisualStudioVersion = 17.1.32414.318
MinimumVisualStudioVersion = 10.0.40219.1
Project("{FAE04EC0-301F-11D3-BF4B-00C04F79EFBC}") = "TriangleCalculator", "TriangleCalculator\TriangleCalculator.csproj", "{3BAB5E30-3FED-43AB-B570-2A3C8D10217E}"
EndProject
Project("{FAE04EC0-301F-11D3-BF4B-00C04F79EFBC}") = "TriangleCalculatorWindows", "TriangleCalculatorWindows\TriangleCalculatorWindows.csproj", "{5ABAC221-9FE4-4EAA-BB9A-48F7D53E161D}"
EndProject
Global
	GlobalSection(SolutionConfigurationPlatforms) = preSolution
		Debug|Any CPU = Debug|Any CPU
		Release|Any CPU = Release|Any CPU
	EndGlobalSection
	GlobalSection(ProjectConfigurationPlatforms) = postSolution
		{3BAB5E30-3FED-43AB-B570-2A3C8D10217E}.Debug|Any CPU.ActiveCfg = Debug|Any CPU
		{3BAB5E30-3FED-43AB-B570-2A3C8D10217E}.Debug|Any CPU.Build.0 = Debug|Any CPU
		{3BAB5E30-3FED-43AB-B570-2A3C8D10217E}.Release|Any CPU.ActiveCfg = Release|Any CPU
		{3BAB5E30-3FED-43AB-B570-2A3C8D10217E}.Release|Any CPU.Build.0 = Release|Any CPU
		{5ABAC221-9FE4-4EAA-BB9A-48F7D53E161D}.Debug|Any CPU.ActiveCfg = Debug|Any CPU
		{5ABAC221-9FE4-4EAA-BB9A-48F7D53E161D}.Debug|Any CPU.Build.0 = Debug|Any CPU
		{5ABAC221-9FE4-4EAA-BB9A-48F7D53E161D}.Release|Any CPU.ActiveCfg = Release|Any CPU
		{5ABAC221-9FE4-4EAA-BB9A-48F7D53E161D}.Release|Any CPU.Build.0 = Release|Any CPU
	EndGlobalSection
	GlobalSection(SolutionProperties) = preSolution
		HideSolutionNode = FALSE
	EndGlobalSection
	GlobalSection(ExtensibilityGlobals) = postSolution
		SolutionGuid = {62EF7C39-962D-4D54-BDFB-EEDF028177C2}
	EndGlobalSection
EndGlobal
